{
  "name": "sfmc_custom_activity",
  "version": "1.0.0",
  "lockfileVersion": 1,
  "requires": true,
  "dependencies": {
    "postmonger": {
      "version": "0.0.16",
      "resolved": "https://registry.npmjs.org/postmonger/-/postmonger-0.0.16.tgz",
      "integrity": "sha1-+TqceM+2nDqM98dJTIxb4J2+C/c="
    }
  }
}
